// !$*UTF8*$!
{
	archiveVersion = 1;
	classes = {
	};
	objectVersion = 46;
	objects = {

/* Begin PBXBuildFile section */
		8F8B0DD11C535CE7002C1EF2 /* Roboto-Medium.ttf in Resources */ = {isa = PBXBuildFile; fileRef = 8F8B0DCE1C535CE7002C1EF2 /* Roboto-Medium.ttf */; };
		8F8B0DD21C535CE7002C1EF2 /* Roboto-Regular.ttf in Resources */ = {isa = PBXBuildFile; fileRef = 8F8B0DCF1C535CE7002C1EF2 /* Roboto-Regular.ttf */; };
		8F8B0DD31C535CE7002C1EF2 /* Roboto-Thin.ttf in Resources */ = {isa = PBXBuildFile; fileRef = 8F8B0DD01C535CE7002C1EF2 /* Roboto-Thin.ttf */; };
		8F8B0DD41C535D63002C1EF2 /* Info.plist in Resources */ = {isa = PBXBuildFile; fileRef = 8FC9D58F1C4F35B10010B0B9 /* Info.plist */; };
		8FC9D5841C4F35B10010B0B9 /* AppDelegate.swift in Sources */ = {isa = PBXBuildFile; fileRef = 8FC9D5831C4F35B10010B0B9 /* AppDelegate.swift */; };
		8FC9D5861C4F35B10010B0B9 /* LoginViewController.swift in Sources */ = {isa = PBXBuildFile; fileRef = 8FC9D5851C4F35B10010B0B9 /* LoginViewController.swift */; };
		8FC9D5891C4F35B10010B0B9 /* Main.storyboard in Resources */ = {isa = PBXBuildFile; fileRef = 8FC9D5871C4F35B10010B0B9 /* Main.storyboard */; };
		8FC9D58B1C4F35B10010B0B9 /* Assets.xcassets in Resources */ = {isa = PBXBuildFile; fileRef = 8FC9D58A1C4F35B10010B0B9 /* Assets.xcassets */; };
		8FC9D58E1C4F35B10010B0B9 /* LaunchScreen.storyboard in Resources */ = {isa = PBXBuildFile; fileRef = 8FC9D58C1C4F35B10010B0B9 /* LaunchScreen.storyboard */; };
		8FC9D59D1C5034FF0010B0B9 /* StudentDetailsViewController.swift in Sources */ = {isa = PBXBuildFile; fileRef = 8FC9D59C1C5034FF0010B0B9 /* StudentDetailsViewController.swift */; };
		8FC9D59F1C5035220010B0B9 /* ListViewController.swift in Sources */ = {isa = PBXBuildFile; fileRef = 8FC9D59E1C5035220010B0B9 /* ListViewController.swift */; };
		8FC9D5A11C5035320010B0B9 /* MapViewController.swift in Sources */ = {isa = PBXBuildFile; fileRef = 8FC9D5A01C5035320010B0B9 /* MapViewController.swift */; };
		8FC9D5AD1C5040570010B0B9 /* StudentLocation.swift in Sources */ = {isa = PBXBuildFile; fileRef = 8FC9D5AC1C5040570010B0B9 /* StudentLocation.swift */; };
		8FC9D5AF1C5040790010B0B9 /* OTMConstants.swift in Sources */ = {isa = PBXBuildFile; fileRef = 8FC9D5AE1C5040790010B0B9 /* OTMConstants.swift */; };
		8FC9D5B11C5040B30010B0B9 /* OTMClient.swift in Sources */ = {isa = PBXBuildFile; fileRef = 8FC9D5B01C5040B30010B0B9 /* OTMClient.swift */; };
		8FC9D5B31C5041160010B0B9 /* OTMConvenience.swift in Sources */ = {isa = PBXBuildFile; fileRef = 8FC9D5B21C5041160010B0B9 /* OTMConvenience.swift */; };
		8FC9D5C01C5076BE0010B0B9 /* FBSDKCoreKit.framework in Frameworks */ = {isa = PBXBuildFile; fileRef = 8FC9D5BF1C5076BE0010B0B9 /* FBSDKCoreKit.framework */; };
		8FC9D5C21C5076E80010B0B9 /* FBSDKLoginKit.framework in Frameworks */ = {isa = PBXBuildFile; fileRef = 8FC9D5C11C5076E80010B0B9 /* FBSDKLoginKit.framework */; };
/* End PBXBuildFile section */

/* Begin PBXFileReference section */
		8F8B0DCE1C535CE7002C1EF2 /* Roboto-Medium.ttf */ = {isa = PBXFileReference; lastKnownFileType = file; path = "Roboto-Medium.ttf"; sourceTree = "<group>"; };
		8F8B0DCF1C535CE7002C1EF2 /* Roboto-Regular.ttf */ = {isa = PBXFileReference; lastKnownFileType = file; path = "Roboto-Regular.ttf"; sourceTree = "<group>"; };
		8F8B0DD01C535CE7002C1EF2 /* Roboto-Thin.ttf */ = {isa = PBXFileReference; lastKnownFileType = file; path = "Roboto-Thin.ttf"; sourceTree = "<group>"; };
		8F8B0DD51C53AC0F002C1EF2 /* Bridging-Header.h */ = {isa = PBXFileReference; fileEncoding = 4; lastKnownFileType = sourcecode.c.h; name = "Bridging-Header.h"; path = "../Bridging-Header.h"; sourceTree = "<group>"; };
		8FC9D5801C4F35B10010B0B9 /* On the Map.app */ = {isa = PBXFileReference; explicitFileType = wrapper.application; includeInIndex = 0; path = "On the Map.app"; sourceTree = BUILT_PRODUCTS_DIR; };
		8FC9D5831C4F35B10010B0B9 /* AppDelegate.swift */ = {isa = PBXFileReference; lastKnownFileType = sourcecode.swift; path = AppDelegate.swift; sourceTree = "<group>"; };
		8FC9D5851C4F35B10010B0B9 /* LoginViewController.swift */ = {isa = PBXFileReference; lastKnownFileType = sourcecode.swift; path = LoginViewController.swift; sourceTree = "<group>"; };
		8FC9D5881C4F35B10010B0B9 /* Base */ = {isa = PBXFileReference; lastKnownFileType = file.storyboard; name = Base; path = Base.lproj/Main.storyboard; sourceTree = "<group>"; };
		8FC9D58A1C4F35B10010B0B9 /* Assets.xcassets */ = {isa = PBXFileReference; lastKnownFileType = folder.assetcatalog; path = Assets.xcassets; sourceTree = "<group>"; };
		8FC9D58D1C4F35B10010B0B9 /* Base */ = {isa = PBXFileReference; lastKnownFileType = file.storyboard; name = Base; path = Base.lproj/LaunchScreen.storyboard; sourceTree = "<group>"; };
		8FC9D58F1C4F35B10010B0B9 /* Info.plist */ = {isa = PBXFileReference; lastKnownFileType = text.plist.xml; path = Info.plist; sourceTree = "<group>"; };
		8FC9D59C1C5034FF0010B0B9 /* StudentDetailsViewController.swift */ = {isa = PBXFileReference; fileEncoding = 4; lastKnownFileType = sourcecode.swift; path = StudentDetailsViewController.swift; sourceTree = "<group>"; };
		8FC9D59E1C5035220010B0B9 /* ListViewController.swift */ = {isa = PBXFileReference; fileEncoding = 4; lastKnownFileType = sourcecode.swift; path = ListViewController.swift; sourceTree = "<group>"; };
		8FC9D5A01C5035320010B0B9 /* MapViewController.swift */ = {isa = PBXFileReference; fileEncoding = 4; lastKnownFileType = sourcecode.swift; path = MapViewController.swift; sourceTree = "<group>"; };
		8FC9D5AC1C5040570010B0B9 /* StudentLocation.swift */ = {isa = PBXFileReference; fileEncoding = 4; lastKnownFileType = sourcecode.swift; path = StudentLocation.swift; sourceTree = "<group>"; };
		8FC9D5AE1C5040790010B0B9 /* OTMConstants.swift */ = {isa = PBXFileReference; fileEncoding = 4; lastKnownFileType = sourcecode.swift; path = OTMConstants.swift; sourceTree = "<group>"; };
		8FC9D5B01C5040B30010B0B9 /* OTMClient.swift */ = {isa = PBXFileReference; fileEncoding = 4; lastKnownFileType = sourcecode.swift; path = OTMClient.swift; sourceTree = "<group>"; };
		8FC9D5B21C5041160010B0B9 /* OTMConvenience.swift */ = {isa = PBXFileReference; fileEncoding = 4; lastKnownFileType = sourcecode.swift; path = OTMConvenience.swift; sourceTree = "<group>"; };
		8FC9D5BF1C5076BE0010B0B9 /* FBSDKCoreKit.framework */ = {isa = PBXFileReference; lastKnownFileType = wrapper.framework; path = FBSDKCoreKit.framework; sourceTree = "<group>"; };
		8FC9D5C11C5076E80010B0B9 /* FBSDKLoginKit.framework */ = {isa = PBXFileReference; lastKnownFileType = wrapper.framework; path = FBSDKLoginKit.framework; sourceTree = "<group>"; };
/* End PBXFileReference section */

/* Begin PBXFrameworksBuildPhase section */
		8FC9D57D1C4F35B10010B0B9 /* Frameworks */ = {
			isa = PBXFrameworksBuildPhase;
			buildActionMask = 2147483647;
			files = (
				8FC9D5C21C5076E80010B0B9 /* FBSDKLoginKit.framework in Frameworks */,
				8FC9D5C01C5076BE0010B0B9 /* FBSDKCoreKit.framework in Frameworks */,
			);
			runOnlyForDeploymentPostprocessing = 0;
		};
/* End PBXFrameworksBuildPhase section */

/* Begin PBXGroup section */
		8FC9D5771C4F35B10010B0B9 = {
			isa = PBXGroup;
			children = (
				8FC9D5BE1C5076820010B0B9 /* Frameworks */,
				8FC9D5821C4F35B10010B0B9 /* On the Map */,
				8FC9D5811C4F35B10010B0B9 /* Products */,
			);
			sourceTree = "<group>";
		};
		8FC9D5811C4F35B10010B0B9 /* Products */ = {
			isa = PBXGroup;
			children = (
				8FC9D5801C4F35B10010B0B9 /* On the Map.app */,
			);
			name = Products;
			sourceTree = "<group>";
		};
		8FC9D5821C4F35B10010B0B9 /* On the Map */ = {
			isa = PBXGroup;
			children = (
				8F8B0DD51C53AC0F002C1EF2 /* Bridging-Header.h */,
				8FC9D58A1C4F35B10010B0B9 /* Assets.xcassets */,
				8FC9D58F1C4F35B10010B0B9 /* Info.plist */,
				8FC9D5831C4F35B10010B0B9 /* AppDelegate.swift */,
				8FC9D5871C4F35B10010B0B9 /* Main.storyboard */,
				8FC9D58C1C4F35B10010B0B9 /* LaunchScreen.storyboard */,
				8FC9D59B1C5034A80010B0B9 /* Supporting Files */,
				8FC9D59A1C5034770010B0B9 /* Assets */,
				8FC9D5991C5033EA0010B0B9 /* Controller */,
				8FC9D5951C5033980010B0B9 /* Model */,
			);
			path = "On the Map";
			sourceTree = "<group>";
		};
		8FC9D5951C5033980010B0B9 /* Model */ = {
			isa = PBXGroup;
			children = (
				8FC9D5961C5033A70010B0B9 /* Client */,
			);
			name = Model;
			sourceTree = "<group>";
		};
		8FC9D5961C5033A70010B0B9 /* Client */ = {
			isa = PBXGroup;
			children = (
				8FC9D5AC1C5040570010B0B9 /* StudentLocation.swift */,
				8FC9D5B01C5040B30010B0B9 /* OTMClient.swift */,
				8FC9D5AE1C5040790010B0B9 /* OTMConstants.swift */,
				8FC9D5B21C5041160010B0B9 /* OTMConvenience.swift */,
			);
			name = Client;
			sourceTree = "<group>";
		};
		8FC9D5991C5033EA0010B0B9 /* Controller */ = {
			isa = PBXGroup;
			children = (
				8FC9D5851C4F35B10010B0B9 /* LoginViewController.swift */,
				8FC9D59C1C5034FF0010B0B9 /* StudentDetailsViewController.swift */,
				8FC9D59E1C5035220010B0B9 /* ListViewController.swift */,
				8FC9D5A01C5035320010B0B9 /* MapViewController.swift */,
			);
			name = Controller;
			sourceTree = "<group>";
		};
		8FC9D59A1C5034770010B0B9 /* Assets */ = {
			isa = PBXGroup;
			children = (
			);
			name = Assets;
			sourceTree = "<group>";
		};
		8FC9D59B1C5034A80010B0B9 /* Supporting Files */ = {
			isa = PBXGroup;
			children = (
				8F8B0DCE1C535CE7002C1EF2 /* Roboto-Medium.ttf */,
				8F8B0DCF1C535CE7002C1EF2 /* Roboto-Regular.ttf */,
				8F8B0DD01C535CE7002C1EF2 /* Roboto-Thin.ttf */,
			);
			name = "Supporting Files";
			sourceTree = "<group>";
		};
		8FC9D5BE1C5076820010B0B9 /* Frameworks */ = {
			isa = PBXGroup;
			children = (
				8FC9D5C11C5076E80010B0B9 /* FBSDKLoginKit.framework */,
				8FC9D5BF1C5076BE0010B0B9 /* FBSDKCoreKit.framework */,
			);
			name = Frameworks;
			sourceTree = "<group>";
		};
/* End PBXGroup section */

/* Begin PBXNativeTarget section */
		8FC9D57F1C4F35B10010B0B9 /* On the Map */ = {
			isa = PBXNativeTarget;
			buildConfigurationList = 8FC9D5921C4F35B10010B0B9 /* Build configuration list for PBXNativeTarget "On the Map" */;
			buildPhases = (
				8FC9D57C1C4F35B10010B0B9 /* Sources */,
				8FC9D57D1C4F35B10010B0B9 /* Frameworks */,
				8FC9D57E1C4F35B10010B0B9 /* Resources */,
			);
			buildRules = (
			);
			dependencies = (
			);
			name = "On the Map";
			productName = "On the Map";
			productReference = 8FC9D5801C4F35B10010B0B9 /* On the Map.app */;
			productType = "com.apple.product-type.application";
		};
/* End PBXNativeTarget section */

/* Begin PBXProject section */
		8FC9D5781C4F35B10010B0B9 /* Project object */ = {
			isa = PBXProject;
			attributes = {
				LastSwiftUpdateCheck = 0720;
				LastUpgradeCheck = 0720;
				ORGANIZATIONNAME = "Shantanu Rao";
				TargetAttributes = {
					8FC9D57F1C4F35B10010B0B9 = {
						CreatedOnToolsVersion = 7.2;
						DevelopmentTeam = 72D5564LLE;
					};
				};
			};
			buildConfigurationList = 8FC9D57B1C4F35B10010B0B9 /* Build configuration list for PBXProject "On the Map" */;
			compatibilityVersion = "Xcode 3.2";
			developmentRegion = English;
			hasScannedForEncodings = 0;
			knownRegions = (
				en,
				Base,
			);
			mainGroup = 8FC9D5771C4F35B10010B0B9;
			productRefGroup = 8FC9D5811C4F35B10010B0B9 /* Products */;
			projectDirPath = "";
			projectRoot = "";
			targets = (
				8FC9D57F1C4F35B10010B0B9 /* On the Map */,
			);
		};
/* End PBXProject section */

/* Begin PBXResourcesBuildPhase section */
		8FC9D57E1C4F35B10010B0B9 /* Resources */ = {
			isa = PBXResourcesBuildPhase;
			buildActionMask = 2147483647;
			files = (
				8F8B0DD11C535CE7002C1EF2 /* Roboto-Medium.ttf in Resources */,
				8FC9D58E1C4F35B10010B0B9 /* LaunchScreen.storyboard in Resources */,
				8F8B0DD31C535CE7002C1EF2 /* Roboto-Thin.ttf in Resources */,
				8F8B0DD21C535CE7002C1EF2 /* Roboto-Regular.ttf in Resources */,
				8FC9D58B1C4F35B10010B0B9 /* Assets.xcassets in Resources */,
				8FC9D5891C4F35B10010B0B9 /* Main.storyboard in Resources */,
				8F8B0DD41C535D63002C1EF2 /* Info.plist in Resources */,
			);
			runOnlyForDeploymentPostprocessing = 0;
		};
/* End PBXResourcesBuildPhase section */

/* Begin PBXSourcesBuildPhase section */
		8FC9D57C1C4F35B10010B0B9 /* Sources */ = {
			isa = PBXSourcesBuildPhase;
			buildActionMask = 2147483647;
			files = (
				8FC9D5861C4F35B10010B0B9 /* LoginViewController.swift in Sources */,
				8FC9D5B11C5040B30010B0B9 /* OTMClient.swift in Sources */,
				8FC9D5AF1C5040790010B0B9 /* OTMConstants.swift in Sources */,
				8FC9D5841C4F35B10010B0B9 /* AppDelegate.swift in Sources */,
				8FC9D59F1C5035220010B0B9 /* ListViewController.swift in Sources */,
				8FC9D5A11C5035320010B0B9 /* MapViewController.swift in Sources */,
				8FC9D5B31C5041160010B0B9 /* OTMConvenience.swift in Sources */,
				8FC9D59D1C5034FF0010B0B9 /* StudentDetailsViewController.swift in Sources */,
				8FC9D5AD1C5040570010B0B9 /* StudentLocation.swift in Sources */,
			);
			runOnlyForDeploymentPostprocessing = 0;
		};
/* End PBXSourcesBuildPhase section */

/* Begin PBXVariantGroup section */
		8FC9D5871C4F35B10010B0B9 /* Main.storyboard */ = {
			isa = PBXVariantGroup;
			children = (
				8FC9D5881C4F35B10010B0B9 /* Base */,
			);
			name = Main.storyboard;
			sourceTree = "<group>";
		};
		8FC9D58C1C4F35B10010B0B9 /* LaunchScreen.storyboard */ = {
			isa = PBXVariantGroup;
			children = (
				8FC9D58D1C4F35B10010B0B9 /* Base */,
			);
			name = LaunchScreen.storyboard;
			sourceTree = "<group>";
		};
/* End PBXVariantGroup section */

/* Begin XCBuildConfiguration section */
		8FC9D5901C4F35B10010B0B9 /* Debug */ = {
			isa = XCBuildConfiguration;
			buildSettings = {
				ALWAYS_SEARCH_USER_PATHS = NO;
				CLANG_CXX_LANGUAGE_STANDARD = "gnu++0x";
				CLANG_CXX_LIBRARY = "libc++";
				CLANG_ENABLE_MODULES = YES;
				CLANG_ENABLE_OBJC_ARC = YES;
				CLANG_WARN_BOOL_CONVERSION = YES;
				CLANG_WARN_CONSTANT_CONVERSION = YES;
				CLANG_WARN_DIRECT_OBJC_ISA_USAGE = YES_ERROR;
				CLANG_WARN_EMPTY_BODY = YES;
				CLANG_WARN_ENUM_CONVERSION = YES;
				CLANG_WARN_INT_CONVERSION = YES;
				CLANG_WARN_OBJC_ROOT_CLASS = YES_ERROR;
				CLANG_WARN_UNREACHABLE_CODE = YES;
				CLANG_WARN__DUPLICATE_METHOD_MATCH = YES;
				"CODE_SIGN_IDENTITY[sdk=iphoneos*]" = "iPhone Developer";
				COPY_PHASE_STRIP = NO;
				DEBUG_INFORMATION_FORMAT = dwarf;
				ENABLE_STRICT_OBJC_MSGSEND = YES;
				ENABLE_TESTABILITY = YES;
				GCC_C_LANGUAGE_STANDARD = gnu99;
				GCC_DYNAMIC_NO_PIC = NO;
				GCC_NO_COMMON_BLOCKS = YES;
				GCC_OPTIMIZATION_LEVEL = 0;
				GCC_PREPROCESSOR_DEFINITIONS = (
					"DEBUG=1",
					"$(inherited)",
				);
				GCC_WARN_64_TO_32_BIT_CONVERSION = YES;
				GCC_WARN_ABOUT_RETURN_TYPE = YES_ERROR;
				GCC_WARN_UNDECLARED_SELECTOR = YES;
				GCC_WARN_UNINITIALIZED_AUTOS = YES_AGGRESSIVE;
				GCC_WARN_UNUSED_FUNCTION = YES;
				GCC_WARN_UNUSED_VARIABLE = YES;
				IPHONEOS_DEPLOYMENT_TARGET = 9.2;
				MTL_ENABLE_DEBUG_INFO = YES;
				ONLY_ACTIVE_ARCH = YES;
				SDKROOT = iphoneos;
				SWIFT_OPTIMIZATION_LEVEL = "-Onone";
			};
			name = Debug;
		};
		8FC9D5911C4F35B10010B0B9 /* Release */ = {
			isa = XCBuildConfiguration;
			buildSettings = {
				ALWAYS_SEARCH_USER_PATHS = NO;
				CLANG_CXX_LANGUAGE_STANDARD = "gnu++0x";
				CLANG_CXX_LIBRARY = "libc++";
				CLANG_ENABLE_MODULES = YES;
				CLANG_ENABLE_OBJC_ARC = YES;
				CLANG_WARN_BOOL_CONVERSION = YES;
				CLANG_WARN_CONSTANT_CONVERSION = YES;
				CLANG_WARN_DIRECT_OBJC_ISA_USAGE = YES_ERROR;
				CLANG_WARN_EMPTY_BODY = YES;
				CLANG_WARN_ENUM_CONVERSION = YES;
				CLANG_WARN_INT_CONVERSION = YES;
				CLANG_WARN_OBJC_ROOT_CLASS = YES_ERROR;
				CLANG_WARN_UNREACHABLE_CODE = YES;
				CLANG_WARN__DUPLICATE_METHOD_MATCH = YES;
				"CODE_SIGN_IDENTITY[sdk=iphoneos*]" = "iPhone Developer";
				COPY_PHASE_STRIP = NO;
				DEBUG_INFORMATION_FORMAT = "dwarf-with-dsym";
				ENABLE_NS_ASSERTIONS = NO;
				ENABLE_STRICT_OBJC_MSGSEND = YES;
				GCC_C_LANGUAGE_STANDARD = gnu99;
				GCC_NO_COMMON_BLOCKS = YES;
				GCC_WARN_64_TO_32_BIT_CONVERSION = YES;
				GCC_WARN_ABOUT_RETURN_TYPE = YES_ERROR;
				GCC_WARN_UNDECLARED_SELECTOR = YES;
				GCC_WARN_UNINITIALIZED_AUTOS = YES_AGGRESSIVE;
				GCC_WARN_UNUSED_FUNCTION = YES;
				GCC_WARN_UNUSED_VARIABLE = YES;
				IPHONEOS_DEPLOYMENT_TARGET = 9.2;
				MTL_ENABLE_DEBUG_INFO = NO;
				SDKROOT = iphoneos;
				VALIDATE_PRODUCT = YES;
			};
			name = Release;
		};
		8FC9D5931C4F35B10010B0B9 /* Debug */ = {
			isa = XCBuildConfiguration;
			buildSettings = {
				ASSETCATALOG_COMPILER_APPICON_NAME = AppIcon;
				FRAMEWORK_SEARCH_PATHS = (
					"$(inherited)",
					"$(PROJECT_DIR)",
				);
				INFOPLIST_FILE = "On the Map/Info.plist";
				LD_RUNPATH_SEARCH_PATHS = "$(inherited) @executable_path/Frameworks";
				PRODUCT_BUNDLE_IDENTIFIER = "org.shanrao.On-the-Map";
				PRODUCT_NAME = "$(TARGET_NAME)";
				SWIFT_OBJC_BRIDGING_HEADER = "Bridging-Header.h";
			};
			name = Debug;
		};
		8FC9D5941C4F35B10010B0B9 /* Release */ = {
			isa = XCBuildConfiguration;
			buildSettings = {
				ASSETCATALOG_COMPILER_APPICON_NAME = AppIcon;
				FRAMEWORK_SEARCH_PATHS = (
					"$(inherited)",
					"$(PROJECT_DIR)",
				);
				INFOPLIST_FILE = "On the Map/Info.plist";
				LD_RUNPATH_SEARCH_PATHS = "$(inherited) @executable_path/Frameworks";
				PRODUCT_BUNDLE_IDENTIFIER = "org.shanrao.On-the-Map";
				PRODUCT_NAME = "$(TARGET_NAME)";
				SWIFT_OBJC_BRIDGING_HEADER = "Bridging-Header.h";
			};
			name = Release;
		};
/* End XCBuildConfiguration section */

/* Begin XCConfigurationList section */
		8FC9D57B1C4F35B10010B0B9 /* Build configuration list for PBXProject "On the Map" */ = {
			isa = XCConfigurationList;
			buildConfigurations = (
				8FC9D5901C4F35B10010B0B9 /* Debug */,
				8FC9D5911C4F35B10010B0B9 /* Release */,
			);
			defaultConfigurationIsVisible = 0;
			defaultConfigurationName = Release;
		};
		8FC9D5921C4F35B10010B0B9 /* Build configuration list for PBXNativeTarget "On the Map" */ = {
			isa = XCConfigurationList;
			buildConfigurations = (
				8FC9D5931C4F35B10010B0B9 /* Debug */,
				8FC9D5941C4F35B10010B0B9 /* Release */,
			);
			defaultConfigurationIsVisible = 0;
			defaultConfigurationName = Release;
		};
/* End XCConfigurationList section */
	};
	rootObject = 8FC9D5781C4F35B10010B0B9 /* Project object */;
}
